DEPENDENCIES
  apparmor
  application
  apt
  chef-client
  container
  goatos
    git: git://github.com/GoatOS/GoatOS.git
    revision: 9ee751df6fc9762b8481ceeab4bb22d00dc74de0
  nagios
  omnibus
  openssh
  ossec
  packagecloud
  raspi
    path: site-cookbooks/raspi
  sudo
  systemd

GRAPH
  7-zip (1.0.2)
    windows (>= 1.2.2)
  apache2 (3.1.0)
  apparmor (0.9.2)
  application (4.1.6)
  apt (2.7.0)
  bluepill (2.3.1)
    rsyslog (>= 0.0.0)
  build-essential (2.2.3)
  chef-client (4.3.0)
    cron (>= 1.2.0)
    logrotate (>= 1.2.0)
    windows (~> 1.11)
  chef-sugar (3.1.1)
  chef_handler (1.2.0)
  container (0.3.0)
  cron (1.6.1)
  go_cd (0.2.0)
  goatos (0.2.0)
    container (>= 0.0.0)
    go_cd (>= 0.0.0)
    omnibus (>= 0.0.0)
    xml_file (>= 0.0.0)
  homebrew (1.13.0)
    build-essential (>= 2.1.2)
  iis (4.1.1)
    windows (>= 1.34.6)
  iptables (1.0.0)
  logrotate (1.9.2)
  mysql (6.0.28)
    smf (>= 0.0.0)
    yum-mysql-community (>= 0.0.0)
  nagios (7.1.6)
    apache2 (>= 2.0)
    build-essential (>= 0.0.0)
    nginx (>= 0.0.0)
    nginx_simplecgi (>= 0.0.0)
    nrpe (>= 0.0.0)
    php (>= 0.0.0)
    yum-epel (>= 0.0.0)
    zap (>= 0.6.0)
  nginx (2.7.6)
    apt (~> 2.2)
    bluepill (~> 2.3)
    build-essential (~> 2.0)
    ohai (~> 2.0)
    runit (~> 1.2)
    yum-epel (~> 0.3)
  nginx_simplecgi (0.1.2)
    bluepill (>= 0.0.0)
    nginx (>= 0.0.0)
    perl (>= 0.0.0)
    runit (>= 0.0.0)
  nrpe (1.5.2)
    build-essential (>= 0.0.0)
    yum-epel (>= 0.0.0)
  ohai (2.0.1)
  omnibus (2.6.9)
    7-zip (~> 1.0)
    build-essential (~> 2.0)
    chef-sugar (~> 3.0)
    homebrew (~> 1.9)
    windows (~> 1.30)
    windows-sdk (~> 1.0)
    wix (~> 1.1)
  openssh (1.5.2)
    iptables (>= 0.0.0)
  ossec (1.0.5)
    build-essential (>= 0.0.0)
  packagecloud (0.0.19)
  perl (1.2.4)
  php (1.5.0)
    build-essential (>= 0.0.0)
    iis (>= 0.0.0)
    mysql (>= 0.0.0)
    windows (>= 0.0.0)
    xml (>= 0.0.0)
    yum-epel (>= 0.0.0)
  raspi (0.0.1)
    apparmor (>= 0.0.0)
    apt (>= 0.0.0)
    omnibus (>= 0.0.0)
    openssh (>= 0.0.0)
    packagecloud (>= 0.0.0)
    sudo (>= 0.0.0)
    systemd (>= 0.0.0)
  rbac (1.0.3)
  rsyslog (2.0.0)
  runit (1.7.2)
    packagecloud (>= 0.0.0)
  smf (2.2.7)
    rbac (>= 1.0.1)
  sudo (2.7.2)
  systemd (0.2.0)
  windows (1.38.1)
    chef_handler (>= 0.0.0)
  windows-sdk (1.0.2)
  wix (1.1.0)
    windows (>= 1.2.2)
  xml (1.2.13)
    build-essential (>= 0.0.0)
    chef-sugar (>= 0.0.0)
  xml_file (0.1.0)
  yum (3.6.1)
  yum-epel (0.6.2)
    yum (~> 3.2)
  yum-mysql-community (0.1.17)
    yum (>= 3.0)
  zap (0.8.4)
